
Microsoft Visual Studio Solution File, Format Version 11.00
# Visual Studio 2010
Project("{FAE04EC0-301F-11D3-BF4B-00C04F79EFBC}") = "City Project", "Assembly-CSharp-firstpass.csproj", "{AA6A3870-C4FB-9AC2-EB91-C0D0BE4CCD07}"
EndProject
Project("{FAE04EC0-301F-11D3-BF4B-00C04F79EFBC}") = "City Project", "Assembly-CSharp.csproj", "{19E98DAC-FD58-02CA-1DAD-D75A5AFE8534}"
EndProject
Project("{FAE04EC0-301F-11D3-BF4B-00C04F79EFBC}") = "City Project", "Assembly-CSharp-Editor-firstpass.csproj", "{D8F4A8BD-F5DE-FD77-0AE4-C3A2700531DC}"
EndProject
Global
	GlobalSection(SolutionConfigurationPlatforms) = preSolution
		Debug|Any CPU = Debug|Any CPU
		Release|Any CPU = Release|Any CPU
	EndGlobalSection
	GlobalSection(ProjectConfigurationPlatforms) = postSolution
		{AA6A3870-C4FB-9AC2-EB91-C0D0BE4CCD07}.Debug|Any CPU.ActiveCfg = Debug|Any CPU
		{AA6A3870-C4FB-9AC2-EB91-C0D0BE4CCD07}.Debug|Any CPU.Build.0 = Debug|Any CPU
		{AA6A3870-C4FB-9AC2-EB91-C0D0BE4CCD07}.Release|Any CPU.ActiveCfg = Release|Any CPU
		{AA6A3870-C4FB-9AC2-EB91-C0D0BE4CCD07}.Release|Any CPU.Build.0 = Release|Any CPU
		{19E98DAC-FD58-02CA-1DAD-D75A5AFE8534}.Debug|Any CPU.ActiveCfg = Debug|Any CPU
		{19E98DAC-FD58-02CA-1DAD-D75A5AFE8534}.Debug|Any CPU.Build.0 = Debug|Any CPU
		{19E98DAC-FD58-02CA-1DAD-D75A5AFE8534}.Release|Any CPU.ActiveCfg = Release|Any CPU
		{19E98DAC-FD58-02CA-1DAD-D75A5AFE8534}.Release|Any CPU.Build.0 = Release|Any CPU
		{D8F4A8BD-F5DE-FD77-0AE4-C3A2700531DC}.Debug|Any CPU.ActiveCfg = Debug|Any CPU
		{D8F4A8BD-F5DE-FD77-0AE4-C3A2700531DC}.Debug|Any CPU.Build.0 = Debug|Any CPU
		{D8F4A8BD-F5DE-FD77-0AE4-C3A2700531DC}.Release|Any CPU.ActiveCfg = Release|Any CPU
		{D8F4A8BD-F5DE-FD77-0AE4-C3A2700531DC}.Release|Any CPU.Build.0 = Release|Any CPU
	EndGlobalSection
	GlobalSection(SolutionProperties) = preSolution
		HideSolutionNode = FALSE
	EndGlobalSection
	GlobalSection(MonoDevelopProperties) = preSolution
		StartupItem = Assembly-CSharp.csproj
	EndGlobalSection
EndGlobal
